
Microsoft Visual Studio Solution File, Format Version 12.00
# Visual Studio Version 17
VisualStudioVersion = 17.5.33627.172
MinimumVisualStudioVersion = 10.0.40219.1
Project("{FAE04EC0-301F-11D3-BF4B-00C04F79EFBC}") = "ConceptsPOO", "ConceptsPOO\ConceptsPOO.csproj", "{54C32551-6E98-4BDE-B2B0-09596896206B}"
EndProject
Global
	GlobalSection(SolutionConfigurationPlatforms) = preSolution
		Debug|Any CPU = Debug|Any CPU
		Release|Any CPU = Release|Any CPU
	EndGlobalSection
	GlobalSection(ProjectConfigurationPlatforms) = postSolution
		{54C32551-6E98-4BDE-B2B0-09596896206B}.Debug|Any CPU.ActiveCfg = Debug|Any CPU
		{54C32551-6E98-4BDE-B2B0-09596896206B}.Debug|Any CPU.Build.0 = Debug|Any CPU
		{54C32551-6E98-4BDE-B2B0-09596896206B}.Release|Any CPU.ActiveCfg = Release|Any CPU
		{54C32551-6E98-4BDE-B2B0-09596896206B}.Release|Any CPU.Build.0 = Release|Any CPU
	EndGlobalSection
	GlobalSection(SolutionProperties) = preSolution
		HideSolutionNode = FALSE
	EndGlobalSection
	GlobalSection(ExtensibilityGlobals) = postSolution
		SolutionGuid = {F0E49E5C-167B-45AC-92CF-326C63919783}
	EndGlobalSection
EndGlobal
